
Microsoft Visual Studio Solution File, Format Version 12.00
# Visual Studio Version 16
VisualStudioVersion = 16.0.30503.244
MinimumVisualStudioVersion = 10.0.40219.1
Project("{FAE04EC0-301F-11D3-BF4B-00C04F79EFBC}") = "ElliotJDNaylor", "ElliotJDNaylor.csproj", "{95D70123-A9B2-49C8-A9AE-82BFCD9830BB}"
EndProject
Project("{FAE04EC0-301F-11D3-BF4B-00C04F79EFBC}") = "ElliotJDNaylor.Services", "..\ElliotJDNaylor.Services\ElliotJDNaylor.Services.csproj", "{DD58BF2D-6699-4FB0-BA03-2EF76815284B}"
EndProject
Global
	GlobalSection(SolutionConfigurationPlatforms) = preSolution
		Debug|Any CPU = Debug|Any CPU
		Release|Any CPU = Release|Any CPU
	EndGlobalSection
	GlobalSection(ProjectConfigurationPlatforms) = postSolution
		{95D70123-A9B2-49C8-A9AE-82BFCD9830BB}.Debug|Any CPU.ActiveCfg = Debug|Any CPU
		{95D70123-A9B2-49C8-A9AE-82BFCD9830BB}.Debug|Any CPU.Build.0 = Debug|Any CPU
		{95D70123-A9B2-49C8-A9AE-82BFCD9830BB}.Release|Any CPU.ActiveCfg = Release|Any CPU
		{95D70123-A9B2-49C8-A9AE-82BFCD9830BB}.Release|Any CPU.Build.0 = Release|Any CPU
		{DD58BF2D-6699-4FB0-BA03-2EF76815284B}.Debug|Any CPU.ActiveCfg = Debug|Any CPU
		{DD58BF2D-6699-4FB0-BA03-2EF76815284B}.Debug|Any CPU.Build.0 = Debug|Any CPU
		{DD58BF2D-6699-4FB0-BA03-2EF76815284B}.Release|Any CPU.ActiveCfg = Release|Any CPU
		{DD58BF2D-6699-4FB0-BA03-2EF76815284B}.Release|Any CPU.Build.0 = Release|Any CPU
	EndGlobalSection
	GlobalSection(SolutionProperties) = preSolution
		HideSolutionNode = FALSE
	EndGlobalSection
	GlobalSection(ExtensibilityGlobals) = postSolution
		SolutionGuid = {B4CDF520-6679-45DF-91BD-3870DF38A545}
	EndGlobalSection
EndGlobal
